{
  "name": "turf",
  "version": "2.0.2",
  "dependencies": {
    "turf-aggregate": {
      "version": "1.0.2",
      "from": "turf-aggregate@1.0.2",
      "resolved": "https://registry.npmjs.org/turf-aggregate/-/turf-aggregate-1.0.2.tgz"
    },
    "turf-along": {
      "version": "1.0.2",
      "from": "turf-along@>=1.0.2 <2.0.0"
    },
    "turf-area": {
      "version": "1.1.1",
      "from": "turf-area@>=1.1.1 <2.0.0",
      "dependencies": {
        "geojson-area": {
          "version": "0.2.0",
          "from": "geojson-area@>=0.2.0 <0.3.0",
          "resolved": "https://registry.npmjs.org/geojson-area/-/geojson-area-0.2.0.tgz",
          "dependencies": {
            "wgs84": {
              "version": "0.0.0",
              "from": "wgs84@0.0.0",
              "resolved": "https://registry.npmjs.org/wgs84/-/wgs84-0.0.0.tgz"
            }
          }
        }
      }
    },
    "turf-average": {
      "version": "1.1.1",
      "from": "turf-average@1.1.1",
      "resolved": "https://registry.npmjs.org/turf-average/-/turf-average-1.1.1.tgz"
    },
    "turf-bbox-polygon": {
      "version": "1.0.1",
      "from": "turf-bbox-polygon@>=1.0.1 <2.0.0"
    },
    "turf-bearing": {
      "version": "1.0.1",
      "from": "turf-bearing@1.0.1",
      "resolved": "https://registry.npmjs.org/turf-bearing/-/turf-bearing-1.0.1.tgz"
    },
    "turf-bezier": {
      "version": "1.0.2",
      "from": "turf-bezier@1.0.2",
      "resolved": "https://registry.npmjs.org/turf-bezier/-/turf-bezier-1.0.2.tgz"
    },
    "turf-buffer": {
      "version": "1.0.4",
      "from": "turf-buffer@1.0.4",
      "dependencies": {
        "geojson-normalize": {
          "version": "0.0.0",
          "from": "https://registry.npmjs.org/geojson-normalize/-/geojson-normalize-0.0.0.tgz",
          "resolved": "https://registry.npmjs.org/geojson-normalize/-/geojson-normalize-0.0.0.tgz"
        },
        "jsts": {
          "version": "0.15.0",
          "from": "https://registry.npmjs.org/jsts/-/jsts-0.15.0.tgz",
          "resolved": "https://registry.npmjs.org/jsts/-/jsts-0.15.0.tgz",
          "dependencies": {
            "javascript.util": {
              "version": "0.12.5",
              "from": "https://registry.npmjs.org/javascript.util/-/javascript.util-0.12.5.tgz",
              "resolved": "https://registry.npmjs.org/javascript.util/-/javascript.util-0.12.5.tgz"
            }
          }
        }
      }
    },
    "turf-center": {
      "version": "1.0.2",
      "from": "turf-center@>=1.0.2 <2.0.0"
    },
    "turf-centroid": {
      "version": "1.1.2",
      "from": "turf-centroid@>=1.1.2 <2.0.0",
      "dependencies": {
        "turf-meta": {
          "version": "1.0.2",
          "from": "turf-meta@>=1.0.2 <2.0.0"
        }
      }
    },
    "turf-combine": {
      "version": "1.0.2",
      "from": "turf-combine@1.0.2",
      "resolved": "https://registry.npmjs.org/turf-combine/-/turf-combine-1.0.2.tgz"
    },
    "turf-concave": {
      "version": "1.1.3",
      "from": "turf-concave@1.1.3",
      "resolved": "https://registry.npmjs.org/turf-concave/-/turf-concave-1.1.3.tgz"
    },
    "turf-convex": {
      "version": "1.0.1",
      "from": "turf-convex@1.0.1",
      "resolved": "https://registry.npmjs.org/turf-convex/-/turf-convex-1.0.1.tgz",
      "dependencies": {
        "convex-hull": {
          "version": "1.0.3",
          "from": "convex-hull@>=1.0.3 <2.0.0",
          "resolved": "https://registry.npmjs.org/convex-hull/-/convex-hull-1.0.3.tgz",
          "dependencies": {
            "affine-hull": {
              "version": "1.0.0",
              "from": "affine-hull@>=1.0.0 <2.0.0",
              "resolved": "https://registry.npmjs.org/affine-hull/-/affine-hull-1.0.0.tgz",
              "dependencies": {
                "robust-orientation": {
                  "version": "1.1.3",
                  "from": "robust-orientation@>=1.1.3 <2.0.0",
                  "resolved": "https://registry.npmjs.org/robust-orientation/-/robust-orientation-1.1.3.tgz",
                  "dependencies": {
                    "robust-scale": {
                      "version": "1.0.2",
                      "from": "robust-scale@>=1.0.2 <2.0.0",
                      "resolved": "https://registry.npmjs.org/robust-scale/-/robust-scale-1.0.2.tgz",
                      "dependencies": {
                        "two-sum": {
                          "version": "1.0.0",
                          "from": "two-sum@>=1.0.0 <2.0.0",
                          "resolved": "https://registry.npmjs.org/two-sum/-/two-sum-1.0.0.tgz"
                        }
                      }
                    },
                    "robust-sum": {
                      "version": "1.0.0",
                      "from": "robust-sum@>=1.0.0 <2.0.0",
                      "resolved": "https://registry.npmjs.org/robust-sum/-/robust-sum-1.0.0.tgz"
                    },
                    "two-product": {
                      "version": "1.0.2",
                      "from": "two-product@>=1.0.2 <2.0.0",
                      "resolved": "https://registry.npmjs.org/two-product/-/two-product-1.0.2.tgz"
                    },
                    "robust-subtract": {
                      "version": "1.0.0",
                      "from": "robust-subtract@>=1.0.0 <2.0.0",
                      "resolved": "https://registry.npmjs.org/robust-subtract/-/robust-subtract-1.0.0.tgz"
                    }
                  }
                }
              }
            },
            "incremental-convex-hull": {
              "version": "1.0.1",
              "from": "incremental-convex-hull@>=1.0.1 <2.0.0",
              "resolved": "https://registry.npmjs.org/incremental-convex-hull/-/incremental-convex-hull-1.0.1.tgz",
              "dependencies": {
                "simplicial-complex": {
                  "version": "1.0.0",
                  "from": "simplicial-complex@>=1.0.0 <2.0.0",
                  "resolved": "https://registry.npmjs.org/simplicial-complex/-/simplicial-complex-1.0.0.tgz",
                  "dependencies": {
                    "bit-twiddle": {
                      "version": "1.0.2",
                      "from": "bit-twiddle@>=1.0.0 <2.0.0",
                      "resolved": "https://registry.npmjs.org/bit-twiddle/-/bit-twiddle-1.0.2.tgz"
                    },
                    "union-find": {
                      "version": "1.0.2",
                      "from": "union-find@>=1.0.0 <2.0.0",
                      "resolved": "https://registry.npmjs.org/union-find/-/union-find-1.0.2.tgz"
                    }
                  }
                },
                "robust-orientation": {
                  "version": "1.1.3",
                  "from": "robust-orientation@>=1.1.2 <2.0.0",
                  "resolved": "https://registry.npmjs.org/robust-orientation/-/robust-orientation-1.1.3.tgz",
                  "dependencies": {
                    "robust-scale": {
                      "version": "1.0.2",
                      "from": "robust-scale@>=1.0.2 <2.0.0",
                      "resolved": "https://registry.npmjs.org/robust-scale/-/robust-scale-1.0.2.tgz",
                      "dependencies": {
                        "two-sum": {
                          "version": "1.0.0",
                          "from": "two-sum@>=1.0.0 <2.0.0",
                          "resolved": "https://registry.npmjs.org/two-sum/-/two-sum-1.0.0.tgz"
                        }
                      }
                    },
                    "robust-sum": {
                      "version": "1.0.0",
                      "from": "robust-sum@>=1.0.0 <2.0.0",
                      "resolved": "https://registry.npmjs.org/robust-sum/-/robust-sum-1.0.0.tgz"
                    },
                    "two-product": {
                      "version": "1.0.2",
                      "from": "two-product@>=1.0.2 <2.0.0",
                      "resolved": "https://registry.npmjs.org/two-product/-/two-product-1.0.2.tgz"
                    },
                    "robust-subtract": {
                      "version": "1.0.0",
                      "from": "robust-subtract@>=1.0.0 <2.0.0",
                      "resolved": "https://registry.npmjs.org/robust-subtract/-/robust-subtract-1.0.0.tgz"
                    }
                  }
                }
              }
            },
            "monotone-convex-hull-2d": {
              "version": "1.0.1",
              "from": "monotone-convex-hull-2d@>=1.0.1 <2.0.0",
              "resolved": "https://registry.npmjs.org/monotone-convex-hull-2d/-/monotone-convex-hull-2d-1.0.1.tgz",
              "dependencies": {
                "robust-orientation": {
                  "version": "1.1.3",
                  "from": "robust-orientation@>=1.1.3 <2.0.0",
                  "resolved": "https://registry.npmjs.org/robust-orientation/-/robust-orientation-1.1.3.tgz",
                  "dependencies": {
                    "robust-scale": {
                      "version": "1.0.2",
                      "from": "robust-scale@>=1.0.2 <2.0.0",
                      "resolved": "https://registry.npmjs.org/robust-scale/-/robust-scale-1.0.2.tgz",
                      "dependencies": {
                        "two-sum": {
                          "version": "1.0.0",
                          "from": "two-sum@>=1.0.0 <2.0.0",
                          "resolved": "https://registry.npmjs.org/two-sum/-/two-sum-1.0.0.tgz"
                        }
                      }
                    },
                    "robust-sum": {
                      "version": "1.0.0",
                      "from": "robust-sum@>=1.0.0 <2.0.0",
                      "resolved": "https://registry.npmjs.org/robust-sum/-/robust-sum-1.0.0.tgz"
                    },
                    "two-product": {
                      "version": "1.0.2",
                      "from": "two-product@>=1.0.2 <2.0.0",
                      "resolved": "https://registry.npmjs.org/two-product/-/two-product-1.0.2.tgz"
                    },
                    "robust-subtract": {
                      "version": "1.0.0",
                      "from": "robust-subtract@>=1.0.0 <2.0.0",
                      "resolved": "https://registry.npmjs.org/robust-subtract/-/robust-subtract-1.0.0.tgz"
                    }
                  }
                }
              }
            }
          }
        },
        "turf-meta": {
          "version": "1.0.2",
          "from": "turf-meta@>=1.0.2 <2.0.0"
        }
      }
    },
    "turf-count": {
      "version": "1.0.2",
      "from": "turf-count@1.0.2",
      "resolved": "https://registry.npmjs.org/turf-count/-/turf-count-1.0.2.tgz"
    },
    "turf-destination": {
      "version": "1.2.1",
      "from": "turf-destination@>=1.2.1 <2.0.0"
    },
    "turf-deviation": {
      "version": "1.0.1",
      "from": "turf-deviation@1.0.1",
      "resolved": "https://registry.npmjs.org/turf-deviation/-/turf-deviation-1.0.1.tgz",
      "dependencies": {
        "simple-statistics": {
          "version": "0.9.1",
          "from": "simple-statistics@>=0.9.0 <0.10.0",
          "resolved": "https://registry.npmjs.org/simple-statistics/-/simple-statistics-0.9.1.tgz"
        }
      }
    },
    "turf-difference": {
      "version": "2.0.0",
      "from": "turf-difference@>=2.0.0 <3.0.0",
      "dependencies": {
        "jsts": {
          "version": "0.15.0",
          "from": "https://registry.npmjs.org/jsts/-/jsts-0.15.0.tgz",
          "resolved": "https://registry.npmjs.org/jsts/-/jsts-0.15.0.tgz",
          "dependencies": {
            "javascript.util": {
              "version": "0.12.5",
              "from": "https://registry.npmjs.org/javascript.util/-/javascript.util-0.12.5.tgz",
              "resolved": "https://registry.npmjs.org/javascript.util/-/javascript.util-0.12.5.tgz"
            }
          }
        }
      }
    },
    "turf-distance": {
      "version": "1.0.1",
      "from": "turf-distance@>=1.0.1 <2.0.0",
      "resolved": "https://registry.npmjs.org/turf-distance/-/turf-distance-1.0.1.tgz",
      "dependencies": {
        "turf-invariant": {
          "version": "1.0.3",
          "from": "turf-invariant@>=1.0.2 <2.0.0",
          "resolved": "https://registry.npmjs.org/turf-invariant/-/turf-invariant-1.0.3.tgz"
        }
      }
    },
    "turf-envelope": {
      "version": "1.0.2",
      "from": "turf-envelope@>=1.0.2 <1.1.0"
    },
    "turf-explode": {
      "version": "1.0.1",
      "from": "turf-explode@>=1.0.1 <2.0.0",
      "dependencies": {
        "turf-meta": {
          "version": "1.0.2",
          "from": "turf-meta@>=1.0.2 <2.0.0"
        }
      }
    },
    "turf-extent": {
      "version": "1.0.4",
      "from": "turf-extent@>=1.0.4 <2.0.0",
      "dependencies": {
        "turf-meta": {
          "version": "1.0.2",
          "from": "turf-meta@>=1.0.2 <2.0.0"
        }
      }
    },
    "turf-featurecollection": {
      "version": "1.0.1",
      "from": "turf-featurecollection@>=1.0.1 <1.1.0"
    },
    "turf-filter": {
      "version": "1.0.1",
      "from": "turf-filter@>=1.0.1 <2.0.0"
    },
    "turf-flatten": {
      "version": "1.0.0",
      "from": "turf-flatten@>=1.0.0 <2.0.0",
      "dependencies": {
        "geojson-flatten": {
          "version": "0.1.0",
          "from": "geojson-flatten@>=0.1.0 <0.2.0",
          "resolved": "https://registry.npmjs.org/geojson-flatten/-/geojson-flatten-0.1.0.tgz",
          "dependencies": {
            "minimist": {
              "version": "0.0.5",
              "from": "minimist@0.0.5",
              "resolved": "https://registry.npmjs.org/minimist/-/minimist-0.0.5.tgz"
            },
            "concat-stream": {
              "version": "1.2.1",
              "from": "concat-stream@>=1.2.1 <1.3.0",
              "resolved": "https://registry.npmjs.org/concat-stream/-/concat-stream-1.2.1.tgz",
              "dependencies": {
                "bops": {
                  "version": "0.0.6",
                  "from": "bops@0.0.6",
                  "resolved": "https://registry.npmjs.org/bops/-/bops-0.0.6.tgz",
                  "dependencies": {
                    "base64-js": {
                      "version": "0.0.2",
                      "from": "base64-js@0.0.2",
                      "resolved": "https://registry.npmjs.org/base64-js/-/base64-js-0.0.2.tgz"
                    },
                    "to-utf8": {
                      "version": "0.0.1",
                      "from": "to-utf8@0.0.1",
                      "resolved": "https://registry.npmjs.org/to-utf8/-/to-utf8-0.0.1.tgz"
                    }
                  }
                }
              }
            },
            "sharkdown": {
              "version": "0.1.0",
              "from": "sharkdown@>=0.1.0 <0.2.0",
              "resolved": "https://registry.npmjs.org/sharkdown/-/sharkdown-0.1.0.tgz",
              "dependencies": {
                "expect.js": {
                  "version": "0.2.0",
                  "from": "expect.js@>=0.2.0 <0.3.0",
                  "resolved": "https://registry.npmjs.org/expect.js/-/expect.js-0.2.0.tgz"
                },
                "split": {
                  "version": "0.2.10",
                  "from": "split@>=0.2.10 <0.3.0",
                  "resolved": "https://registry.npmjs.org/split/-/split-0.2.10.tgz"
                },
                "stream-spigot": {
                  "version": "2.1.2",
                  "from": "stream-spigot@>=2.1.2 <2.2.0",
                  "resolved": "https://registry.npmjs.org/stream-spigot/-/stream-spigot-2.1.2.tgz",
                  "dependencies": {
                    "readable-stream": {
                      "version": "1.1.13",
                      "from": "readable-stream@>=1.1.0 <1.2.0",
                      "resolved": "https://registry.npmjs.org/readable-stream/-/readable-stream-1.1.13.tgz",
                      "dependencies": {
                        "core-util-is": {
                          "version": "1.0.1",
                          "from": "core-util-is@>=1.0.0 <1.1.0",
                          "resolved": "https://registry.npmjs.org/core-util-is/-/core-util-is-1.0.1.tgz"
                        },
                        "isarray": {
                          "version": "0.0.1",
                          "from": "isarray@0.0.1",
                          "resolved": "https://registry.npmjs.org/isarray/-/isarray-0.0.1.tgz"
                        },
                        "string_decoder": {
                          "version": "0.10.31",
                          "from": "string_decoder@>=0.10.0 <0.11.0",
                          "resolved": "https://registry.npmjs.org/string_decoder/-/string_decoder-0.10.31.tgz"
                        },
                        "inherits": {
                          "version": "2.0.1",
                          "from": "inherits@>=2.0.1 <2.1.0",
                          "resolved": "https://registry.npmjs.org/inherits/-/inherits-2.0.1.tgz"
                        }
                      }
                    }
                  }
                },
                "through": {
                  "version": "2.3.7",
                  "from": "through@>=2.3.4 <2.4.0",
                  "resolved": "https://registry.npmjs.org/through/-/through-2.3.7.tgz"
                },
                "cardinal": {
                  "version": "0.4.4",
                  "from": "cardinal@>=0.4.2 <0.5.0",
                  "resolved": "https://registry.npmjs.org/cardinal/-/cardinal-0.4.4.tgz",
                  "dependencies": {
                    "redeyed": {
                      "version": "0.4.4",
                      "from": "redeyed@>=0.4.0 <0.5.0",
                      "resolved": "https://registry.npmjs.org/redeyed/-/redeyed-0.4.4.tgz",
                      "dependencies": {
                        "esprima": {
                          "version": "1.0.4",
                          "from": "esprima@>=1.0.4 <1.1.0",
                          "resolved": "https://registry.npmjs.org/esprima/-/esprima-1.0.4.tgz"
                        }
                      }
                    },
                    "ansicolors": {
                      "version": "0.2.1",
                      "from": "ansicolors@>=0.2.1 <0.3.0",
                      "resolved": "https://registry.npmjs.org/ansicolors/-/ansicolors-0.2.1.tgz"
                    }
                  }
                }
              }
            }
          }
        }
      }
    },
    "turf-flip": {
      "version": "1.0.3",
      "from": "turf-flip@1.0.3",
      "resolved": "https://registry.npmjs.org/turf-flip/-/turf-flip-1.0.3.tgz"
    },
    "turf-hex-grid": {
      "version": "2.0.1",
      "from": "turf-hex-grid@>=2.0.1 <3.0.0"
    },
    "turf-inside": {
      "version": "1.1.4",
      "from": "turf-inside@>=1.1.4 <2.0.0",
      "dependencies": {
        "minimist": {
          "version": "1.1.1",
          "from": "minimist@>=1.1.0 <2.0.0",
          "resolved": "https://registry.npmjs.org/minimist/-/minimist-1.1.1.tgz"
        }
      }
    },
    "turf-intersect": {
      "version": "1.4.2",
      "from": "turf-intersect@1.4.2",
      "dependencies": {
        "jsts": {
          "version": "0.15.0",
          "from": "https://registry.npmjs.org/jsts/-/jsts-0.15.0.tgz",
          "resolved": "https://registry.npmjs.org/jsts/-/jsts-0.15.0.tgz",
          "dependencies": {
            "javascript.util": {
              "version": "0.12.5",
              "from": "https://registry.npmjs.org/javascript.util/-/javascript.util-0.12.5.tgz",
              "resolved": "https://registry.npmjs.org/javascript.util/-/javascript.util-0.12.5.tgz"
            }
          }
        }
      }
    },
    "turf-isolines": {
      "version": "1.0.2",
      "from": "turf-isolines@1.0.2",
      "resolved": "https://registry.npmjs.org/turf-isolines/-/turf-isolines-1.0.2.tgz",
      "dependencies": {
        "turf-grid": {
          "version": "1.0.1",
          "from": "turf-grid@>=1.0.0 <2.0.0",
          "resolved": "https://registry.npmjs.org/turf-grid/-/turf-grid-1.0.1.tgz"
        }
      }
    },
    "turf-jenks": {
      "version": "1.0.1",
      "from": "turf-jenks@1.0.1",
      "resolved": "https://registry.npmjs.org/turf-jenks/-/turf-jenks-1.0.1.tgz",
      "dependencies": {
        "simple-statistics": {
          "version": "0.9.1",
          "from": "simple-statistics@>=0.9.0 <0.10.0",
          "resolved": "https://registry.npmjs.org/simple-statistics/-/simple-statistics-0.9.1.tgz"
        }
      }
    },
    "turf-kinks": {
      "version": "1.3.2",
      "from": "turf-kinks@>=1.3.2 <2.0.0"
    },
    "turf-line-distance": {
      "version": "1.0.2",
      "from": "turf-line-distance@>=1.0.2 <2.0.0"
    },
    "turf-line-slice": {
      "version": "1.3.4",
      "from": "turf-line-slice@>=1.3.4 <2.0.0"
    },
    "turf-linestring": {
      "version": "1.0.2",
      "from": "turf-linestring@>=1.0.2 <2.0.0"
    },
    "turf-max": {
      "version": "1.0.1",
      "from": "turf-max@1.0.1",
      "resolved": "https://registry.npmjs.org/turf-max/-/turf-max-1.0.1.tgz"
    },
    "turf-median": {
      "version": "1.0.2",
      "from": "turf-median@1.0.2",
      "resolved": "https://registry.npmjs.org/turf-median/-/turf-median-1.0.2.tgz"
    },
    "turf-merge": {
      "version": "1.0.2",
      "from": "turf-merge@1.0.2",
      "resolved": "https://registry.npmjs.org/turf-merge/-/turf-merge-1.0.2.tgz",
      "dependencies": {
        "clone": {
          "version": "0.2.0",
          "from": "clone@>=0.2.0 <0.3.0",
          "resolved": "https://registry.npmjs.org/clone/-/clone-0.2.0.tgz"
        }
      }
    },
    "turf-midpoint": {
      "version": "1.0.1",
      "from": "turf-midpoint@>=1.0.1 <2.0.0"
    },
    "turf-min": {
      "version": "1.0.1",
      "from": "turf-min@1.0.1",
      "resolved": "https://registry.npmjs.org/turf-min/-/turf-min-1.0.1.tgz"
    },
    "turf-nearest": {
      "version": "1.0.2",
      "from": "turf-nearest@>=1.0.2 <2.0.0"
    },
    "turf-normalize": {
      "version": "1.0.2",
      "from": "turf-normalize@>=1.0.2 <2.0.0",
      "dependencies": {
        "geojson-normalize": {
          "version": "0.0.0",
          "from": "geojson-normalize@0.0.0",
          "resolved": "https://registry.npmjs.org/geojson-normalize/-/geojson-normalize-0.0.0.tgz"
        }
      }
    },
    "turf-planepoint": {
      "version": "1.0.1",
      "from": "turf-planepoint@1.0.1",
      "resolved": "https://registry.npmjs.org/turf-planepoint/-/turf-planepoint-1.0.1.tgz"
    },
    "turf-point": {
      "version": "2.0.1",
      "from": "turf-point@>=2.0.1 <3.0.0",
      "dependencies": {
        "minimist": {
          "version": "1.1.1",
          "from": "minimist@>=1.1.0 <2.0.0",
          "resolved": "https://registry.npmjs.org/minimist/-/minimist-1.1.1.tgz"
        }
      }
    },
    "turf-point-grid": {
      "version": "2.0.0",
      "from": "turf-point-grid@>=2.0.0 <3.0.0"
    },
    "turf-point-on-line": {
      "version": "1.0.2",
      "from": "turf-point-on-line@>=1.0.2 <2.0.0"
    },
    "turf-point-on-surface": {
      "version": "1.1.1",
      "from": "turf-point-on-surface@>=1.1.1 <2.0.0"
    },
    "turf-polygon": {
      "version": "1.0.3",
      "from": "turf-polygon@>=1.0.3 <2.0.0"
    },
    "turf-quantile": {
      "version": "1.0.1",
      "from": "turf-quantile@1.0.1",
      "resolved": "https://registry.npmjs.org/turf-quantile/-/turf-quantile-1.0.1.tgz",
      "dependencies": {
        "simple-statistics": {
          "version": "0.9.1",
          "from": "simple-statistics@>=0.9.0 <0.10.0",
          "resolved": "https://registry.npmjs.org/simple-statistics/-/simple-statistics-0.9.1.tgz"
        }
      }
    },
    "turf-random": {
      "version": "1.0.2",
      "from": "turf-random@>=1.0.2 <2.0.0",
      "resolved": "https://registry.npmjs.org/turf-random/-/turf-random-1.0.2.tgz",
      "dependencies": {
        "geojson-random": {
          "version": "0.2.2",
          "from": "geojson-random@>=0.2.2 <0.3.0",
          "resolved": "https://registry.npmjs.org/geojson-random/-/geojson-random-0.2.2.tgz"
        }
      }
    },
    "turf-reclass": {
      "version": "1.0.1",
      "from": "turf-reclass@1.0.1",
      "resolved": "https://registry.npmjs.org/turf-reclass/-/turf-reclass-1.0.1.tgz"
    },
    "turf-remove": {
      "version": "1.0.1",
      "from": "turf-remove@>=1.0.1 <2.0.0"
    },
    "turf-sample": {
      "version": "1.0.1",
      "from": "turf-sample@>=1.0.1 <2.0.0"
    },
    "turf-simplify": {
      "version": "1.0.3",
      "from": "turf-simplify@>=1.0.3 <2.0.0",
      "dependencies": {
        "simplify-js": {
          "version": "1.2.1",
          "from": "simplify-js@>=1.2.1 <2.0.0",
          "resolved": "https://registry.npmjs.org/simplify-js/-/simplify-js-1.2.1.tgz"
        }
      }
    },
    "turf-size": {
      "version": "1.1.1",
      "from": "turf-size@>=1.1.1 <2.0.0"
    },
    "turf-square": {
      "version": "1.0.1",
      "from": "turf-square@>=1.0.1 <2.0.0"
    },
    "turf-square-grid": {
      "version": "1.0.1",
      "from": "turf-square-grid@>=1.0.1 <2.0.0"
    },
    "turf-sum": {
      "version": "1.0.1",
      "from": "turf-sum@1.0.1",
      "resolved": "https://registry.npmjs.org/turf-sum/-/turf-sum-1.0.1.tgz"
    },
    "turf-tag": {
      "version": "1.0.1",
      "from": "turf-tag@>=1.0.1 <1.1.0"
    },
    "turf-tin": {
      "version": "1.0.6",
      "from": "turf-tin@1.0.6",
      "resolved": "https://registry.npmjs.org/turf-tin/-/turf-tin-1.0.6.tgz"
    },
    "turf-triangle-grid": {
      "version": "1.0.1",
      "from": "turf-triangle-grid@>=1.0.1 <2.0.0",
      "dependencies": {
        "benchmark": {
          "version": "1.0.0",
          "from": "benchmark@>=1.0.0 <2.0.0",
          "resolved": "https://registry.npmjs.org/benchmark/-/benchmark-1.0.0.tgz"
        },
        "tape": {
          "version": "3.5.0",
          "from": "tape@>=3.5.0 <4.0.0",
          "resolved": "https://registry.npmjs.org/tape/-/tape-3.5.0.tgz",
          "dependencies": {
            "deep-equal": {
              "version": "0.2.2",
              "from": "deep-equal@>=0.2.0 <0.3.0",
              "resolved": "https://registry.npmjs.org/deep-equal/-/deep-equal-0.2.2.tgz"
            },
            "defined": {
              "version": "0.0.0",
              "from": "defined@>=0.0.0 <0.1.0",
              "resolved": "https://registry.npmjs.org/defined/-/defined-0.0.0.tgz"
            },
            "glob": {
              "version": "3.2.11",
              "from": "glob@>=3.2.9 <3.3.0",
              "resolved": "https://registry.npmjs.org/glob/-/glob-3.2.11.tgz",
              "dependencies": {
                "minimatch": {
                  "version": "0.3.0",
                  "from": "minimatch@>=0.3.0 <0.4.0",
                  "resolved": "https://registry.npmjs.org/minimatch/-/minimatch-0.3.0.tgz",
                  "dependencies": {
                    "lru-cache": {
                      "version": "2.6.2",
                      "from": "lru-cache@>=2.0.0 <3.0.0",
                      "resolved": "https://registry.npmjs.org/lru-cache/-/lru-cache-2.6.2.tgz"
                    },
                    "sigmund": {
                      "version": "1.0.0",
                      "from": "sigmund@>=1.0.0 <1.1.0",
                      "resolved": "https://registry.npmjs.org/sigmund/-/sigmund-1.0.0.tgz"
                    }
                  }
                }
              }
            },
            "inherits": {
              "version": "2.0.1",
              "from": "inherits@>=2.0.1 <2.1.0",
              "resolved": "https://registry.npmjs.org/inherits/-/inherits-2.0.1.tgz"
            },
            "object-inspect": {
              "version": "0.4.0",
              "from": "object-inspect@>=0.4.0 <0.5.0",
              "resolved": "https://registry.npmjs.org/object-inspect/-/object-inspect-0.4.0.tgz"
            },
            "resumer": {
              "version": "0.0.0",
              "from": "resumer@>=0.0.0 <0.1.0",
              "resolved": "https://registry.npmjs.org/resumer/-/resumer-0.0.0.tgz"
            },
            "through": {
              "version": "2.3.7",
              "from": "through@>=2.3.4 <2.4.0",
              "resolved": "https://registry.npmjs.org/through/-/through-2.3.7.tgz"
            }
          }
        }
      }
    },
    "turf-union": {
      "version": "1.0.2",
      "from": "turf-union@1.0.2",
      "dependencies": {
        "jsts": {
          "version": "0.15.0",
          "from": "https://registry.npmjs.org/jsts/-/jsts-0.15.0.tgz",
          "resolved": "https://registry.npmjs.org/jsts/-/jsts-0.15.0.tgz",
          "dependencies": {
            "javascript.util": {
              "version": "0.12.5",
              "from": "https://registry.npmjs.org/javascript.util/-/javascript.util-0.12.5.tgz",
              "resolved": "https://registry.npmjs.org/javascript.util/-/javascript.util-0.12.5.tgz"
            }
          }
        }
      }
    },
    "turf-variance": {
      "version": "1.0.1",
      "from": "turf-variance@1.0.1",
      "resolved": "https://registry.npmjs.org/turf-variance/-/turf-variance-1.0.1.tgz",
      "dependencies": {
        "simple-statistics": {
          "version": "0.9.1",
          "from": "simple-statistics@>=0.9.0 <0.10.0",
          "resolved": "https://registry.npmjs.org/simple-statistics/-/simple-statistics-0.9.1.tgz"
        }
      }
    },
    "turf-within": {
      "version": "1.0.1",
      "from": "turf-within@>=1.0.1 <2.0.0"
    }
  }
}
