# THIS IS AN AUTOGENERATED FILE. DO NOT EDIT THIS FILE DIRECTLY.
# yarn lockfile v1


"@mapbox/geojson-area@^0.2.2":
  version "0.2.2"
  resolved "https://registry.yarnpkg.com/@mapbox/geojson-area/-/geojson-area-0.2.2.tgz#18d7814aa36bf23fbbcc379f8e26a22927debf10"
  dependencies:
    wgs84 "0.0.0"

"@turf/along@^4.6.0":
  version "4.6.0"
  resolved "https://registry.yarnpkg.com/@turf/along/-/along-4.6.0.tgz#f2196dcbf94ad7845d2e222cbef66ad65eaa0c91"
  dependencies:
    "@turf/bearing" "^4.6.0"
    "@turf/destination" "^4.6.0"
    "@turf/distance" "^4.6.0"
    "@turf/helpers" "^4.6.0"

"@turf/area@^3.13.0", "@turf/area@^3.7.0":
  version "3.14.0"
  resolved "https://registry.yarnpkg.com/@turf/area/-/area-3.14.0.tgz#f3197ed4e9710d02cd8bbd551b25c476fe47e89b"
  dependencies:
    "@mapbox/geojson-area" "^0.2.2"
    "@turf/meta" "^3.14.0"

"@turf/area@^4.6.0":
  version "4.6.0"
  resolved "https://registry.yarnpkg.com/@turf/area/-/area-4.6.0.tgz#cba871adbe73ed6d42d1489e04b0bf88c6414514"
  dependencies:
    "@mapbox/geojson-area" "^0.2.2"
    "@turf/meta" "^4.6.0"

"@turf/bbox-clip@^4.6.0":
  version "4.6.0"
  resolved "https://registry.yarnpkg.com/@turf/bbox-clip/-/bbox-clip-4.6.0.tgz#3ff066cd0bd9222ba172f9e5cc5f03003dadf279"
  dependencies:
    "@turf/helpers" "^4.6.0"
    "@turf/invariant" "^4.6.0"
    lineclip "^1.1.5"

"@turf/bbox-polygon@^4.6.0":
  version "4.6.0"
  resolved "https://registry.yarnpkg.com/@turf/bbox-polygon/-/bbox-polygon-4.6.0.tgz#6ec2178aa0920daa61e981ec82b58e5849a3fb59"
  dependencies:
    "@turf/helpers" "^4.6.0"

"@turf/bbox@^3.14.0":
  version "3.14.0"
  resolved "https://registry.yarnpkg.com/@turf/bbox/-/bbox-3.14.0.tgz#cee5f396dde78aca9cede05e1122db18bc504635"
  dependencies:
    "@turf/meta" "^3.14.0"

"@turf/bbox@^4.6.0":
  version "4.6.0"
  resolved "https://registry.yarnpkg.com/@turf/bbox/-/bbox-4.6.0.tgz#8c7f68cdd2bee9178de4d9f9bfbcee4235db5fc3"
  dependencies:
    "@turf/meta" "^4.6.0"

"@turf/bearing@^4.6.0":
  version "4.6.0"
  resolved "https://registry.yarnpkg.com/@turf/bearing/-/bearing-4.6.0.tgz#0ce18d6566bff4679503ff2fd883f36104976518"
  dependencies:
    "@turf/invariant" "^4.6.0"

"@turf/bezier@^4.6.0":
  version "4.6.0"
  resolved "https://registry.yarnpkg.com/@turf/bezier/-/bezier-4.6.0.tgz#a32b76cc74217b063a6d5797ae73041efa74550c"
  dependencies:
    "@turf/helpers" "^4.6.0"

"@turf/boolean-clockwise@^4.6.0":
  version "4.6.0"
  resolved "https://registry.yarnpkg.com/@turf/boolean-clockwise/-/boolean-clockwise-4.6.0.tgz#eea88565e9faae7d9c04ed472f62664d2e777fc8"
  dependencies:
    "@turf/invariant" "^4.6.0"

"@turf/boolean-contains@^4.6.1":
  version "4.6.1"
  resolved "https://registry.yarnpkg.com/@turf/boolean-contains/-/boolean-contains-4.6.1.tgz#aa3936c81189b56547eaab140d08334f4a57d707"
  dependencies:
    "@turf/bbox" "^4.6.0"
    "@turf/inside" "^4.6.0"
    "@turf/invariant" "^4.6.0"

"@turf/boolean-crosses@^4.6.1":
  version "4.6.1"
  resolved "https://registry.yarnpkg.com/@turf/boolean-crosses/-/boolean-crosses-4.6.1.tgz#93c37dd9c9d1cb61fde8173c058e027c70fe0d2f"
  dependencies:
    "@turf/helpers" "^4.6.0"
    "@turf/inside" "^4.6.0"
    "@turf/invariant" "^4.6.0"
    "@turf/line-intersect" "^4.6.0"
    "@turf/polygon-to-linestring" "^4.6.0"

"@turf/boolean-disjoint@^4.6.1":
  version "4.6.1"
  resolved "https://registry.yarnpkg.com/@turf/boolean-disjoint/-/boolean-disjoint-4.6.1.tgz#398c2e96e3bfebe788a74d933e821e7bc791f7dc"
  dependencies:
    "@turf/inside" "^4.6.0"
    "@turf/line-intersect" "^4.6.0"
    "@turf/meta" "^4.6.0"
    "@turf/polygon-to-linestring" "^4.6.0"

"@turf/boolean-equal@^4.6.0":
  version "4.6.0"
  resolved "https://registry.yarnpkg.com/@turf/boolean-equal/-/boolean-equal-4.6.0.tgz#e3c4bcddd2800a7980cf5e991c1aae1383f474a4"
  dependencies:
    "@turf/clean-coords" "^4.6.0"
    "@turf/invariant" "^4.6.0"
    geojson-equality "0.1.6"

"@turf/boolean-overlap@^4.6.0":
  version "4.6.0"
  resolved "https://registry.yarnpkg.com/@turf/boolean-overlap/-/boolean-overlap-4.6.0.tgz#ac81460426d4cdf2548636f78a890cc9d56eeeea"
  dependencies:
    "@turf/invariant" "^4.6.0"
    "@turf/line-intersect" "^4.6.0"
    "@turf/line-overlap" "^4.6.0"
    "@turf/meta" "^4.6.0"
    geojson-equality "0.1.6"

"@turf/boolean-point-on-line@^4.6.1":
  version "4.6.1"
  resolved "https://registry.yarnpkg.com/@turf/boolean-point-on-line/-/boolean-point-on-line-4.6.1.tgz#74d8e9826f0b5a29994b5d7a3ff2b391725bb6eb"
  dependencies:
    "@turf/invariant" "^4.6.0"

"@turf/buffer@^4.6.1":
  version "4.6.1"
  resolved "https://registry.yarnpkg.com/@turf/buffer/-/buffer-4.6.1.tgz#807110528061f97d843398597518a715d0b25e43"
  dependencies:
    "@turf/center" "^4.6.1"
    "@turf/helpers" "^4.6.0"
    "@turf/meta" "^4.6.0"
    d3-geo "^1.6.3"
    jsts "1.3.0"

"@turf/center-of-mass@^4.6.1":
  version "4.6.1"
  resolved "https://registry.yarnpkg.com/@turf/center-of-mass/-/center-of-mass-4.6.1.tgz#e8b0f46ac104ec8c58ed86565d4c3698e8da7cbe"
  dependencies:
    "@turf/centroid" "^4.6.1"
    "@turf/convex" "^4.6.0"
    "@turf/explode" "^4.6.0"
    "@turf/helpers" "^4.6.0"
    "@turf/invariant" "^4.6.0"
    "@turf/meta" "^4.6.0"

"@turf/center@^4.6.1":
  version "4.6.1"
  resolved "https://registry.yarnpkg.com/@turf/center/-/center-4.6.1.tgz#d9ed7a7e098f6ac1ff5189a05ee752b60d7ac681"
  dependencies:
    "@turf/bbox" "^4.6.0"
    "@turf/helpers" "^4.6.0"

"@turf/centroid@^4.6.1":
  version "4.6.1"
  resolved "https://registry.yarnpkg.com/@turf/centroid/-/centroid-4.6.1.tgz#6ffe203746aa33dec17d41c22aa5691342e46496"
  dependencies:
    "@turf/helpers" "^4.6.0"
    "@turf/meta" "^4.6.0"

"@turf/circle@^4.6.0":
  version "4.6.0"
  resolved "https://registry.yarnpkg.com/@turf/circle/-/circle-4.6.0.tgz#1495599b51b2874fe677d11eedfa81a887074cd0"
  dependencies:
    "@turf/destination" "^4.6.0"
    "@turf/helpers" "^4.6.0"

"@turf/clean-coords@^4.6.0":
  version "4.6.0"
  resolved "https://registry.yarnpkg.com/@turf/clean-coords/-/clean-coords-4.6.0.tgz#c25ea557f4d21b2a7f67312765bf23c0d451a619"
  dependencies:
    "@turf/helpers" "^4.6.0"
    "@turf/invariant" "^4.6.0"

"@turf/clone@^4.6.1":
  version "4.6.1"
  resolved "https://registry.yarnpkg.com/@turf/clone/-/clone-4.6.1.tgz#e4136d9dca48a7065a61454009275c63a9f68121"

"@turf/clusters-dbscan@^4.6.1":
  version "4.6.1"
  resolved "https://registry.yarnpkg.com/@turf/clusters-dbscan/-/clusters-dbscan-4.6.1.tgz#fff17d7cf5c45a44b3afcc6fae566341e4b4707c"
  dependencies:
    "@turf/clone" "^4.6.1"
    "@turf/distance" "^4.6.0"
    "@turf/helpers" "^4.6.0"
    "@turf/invariant" "^4.6.0"
    "@turf/meta" "^4.6.0"
    density-clustering "1.3.0"

"@turf/clusters-kmeans@^4.6.1":
  version "4.6.1"
  resolved "https://registry.yarnpkg.com/@turf/clusters-kmeans/-/clusters-kmeans-4.6.1.tgz#13c656d5c73bad9bb02bb49048a9105bc458cc10"
  dependencies:
    "@turf/clone" "^4.6.1"
    "@turf/invariant" "^4.6.0"
    "@turf/meta" "^4.6.0"

"@turf/clusters@^4.6.1":
  version "4.6.1"
  resolved "https://registry.yarnpkg.com/@turf/clusters/-/clusters-4.6.1.tgz#be4548b735bfa1d4b42eca20e27a5f6e6e891fac"
  dependencies:
    "@turf/helpers" "^4.6.0"
    "@turf/meta" "^4.6.0"

"@turf/collect@^4.6.0":
  version "4.6.0"
  resolved "https://registry.yarnpkg.com/@turf/collect/-/collect-4.6.0.tgz#22ddacd7f175431fc076a42849bcfb65bc47a93b"
  dependencies:
    "@turf/bbox" "^4.6.0"
    "@turf/inside" "^4.6.0"
    rbush "^2.0.1"

"@turf/combine@^4.6.0":
  version "4.6.0"
  resolved "https://registry.yarnpkg.com/@turf/combine/-/combine-4.6.0.tgz#177b948efbf5928d5a5f9289f88856a06091626f"
  dependencies:
    "@turf/meta" "^4.6.0"

"@turf/concave@^4.6.0":
  version "4.6.0"
  resolved "https://registry.yarnpkg.com/@turf/concave/-/concave-4.6.0.tgz#5a769f9008f4b8fd022a8a672620b2f19d89655a"
  dependencies:
    "@turf/distance" "^4.6.0"
    "@turf/tin" "^4.6.0"
    "@turf/union" "^4.6.0"

"@turf/convex@^4.6.0":
  version "4.6.0"
  resolved "https://registry.yarnpkg.com/@turf/convex/-/convex-4.6.0.tgz#963afe831e929728b64eef30abcd82356222e17e"
  dependencies:
    "@turf/helpers" "^4.6.0"
    "@turf/meta" "^4.6.0"
    convex-hull "^1.0.3"

"@turf/destination@^4.6.0":
  version "4.6.0"
  resolved "https://registry.yarnpkg.com/@turf/destination/-/destination-4.6.0.tgz#3d4759e85ea79bdc4c93ae2529f959baef6aeedd"
  dependencies:
    "@turf/helpers" "^4.6.0"
    "@turf/invariant" "^4.6.0"

"@turf/difference@^4.6.0":
  version "4.6.0"
  resolved "https://registry.yarnpkg.com/@turf/difference/-/difference-4.6.0.tgz#98431aa2bc65e7bde1b8822d6288b3cb0d9ea0fd"
  dependencies:
    "@turf/area" "^4.6.0"
    "@turf/helpers" "^4.6.0"
    "@turf/invariant" "^4.6.0"
    "@turf/meta" "^4.6.0"
    jsts "1.3.0"

"@turf/dissolve@^4.6.0":
  version "4.6.0"
  resolved "https://registry.yarnpkg.com/@turf/dissolve/-/dissolve-4.6.0.tgz#9500672ec8b247d7cb29cd8d8171a826dba454fb"
  dependencies:
    "@turf/bbox" "^4.6.0"
    "@turf/union" "^4.6.0"
    geojson-utils "^1.1.0"
    get-closest "^0.0.4"
    rbush "^2.0.1"
    turf-overlaps "^1.0.3"

"@turf/distance@^4.6.0":
  version "4.6.0"
  resolved "https://registry.yarnpkg.com/@turf/distance/-/distance-4.6.0.tgz#6410b9b4ea7e44e4a99be33018d9daab031946e0"
  dependencies:
    "@turf/helpers" "^4.6.0"
    "@turf/invariant" "^4.6.0"

"@turf/envelope@^4.3.0", "@turf/envelope@^4.6.0":
  version "4.6.0"
  resolved "https://registry.yarnpkg.com/@turf/envelope/-/envelope-4.6.0.tgz#7e1987a962c08f865e37d9c23c91467e7695f969"
  dependencies:
    "@turf/bbox" "^4.6.0"
    "@turf/bbox-polygon" "^4.6.0"

"@turf/explode@^3.7.0":
  version "3.14.0"
  resolved "https://registry.yarnpkg.com/@turf/explode/-/explode-3.14.0.tgz#f2cc1e46a39700d5602466ccd50f59a52341b92c"
  dependencies:
    "@turf/helpers" "^3.13.0"
    "@turf/meta" "^3.14.0"

"@turf/explode@^4.6.0":
  version "4.6.0"
  resolved "https://registry.yarnpkg.com/@turf/explode/-/explode-4.6.0.tgz#6d6c5339bbc9e5671c4fb9be596ca19b8c0591af"
  dependencies:
    "@turf/helpers" "^4.6.0"
    "@turf/meta" "^4.6.0"

"@turf/flatten@^4.6.0":
  version "4.6.0"
  resolved "https://registry.yarnpkg.com/@turf/flatten/-/flatten-4.6.0.tgz#8dce4f0543bd2bb20624e8fc52d613c0e15ee918"
  dependencies:
    "@turf/helpers" "^4.6.0"
    "@turf/meta" "^4.6.0"

"@turf/flip@^4.6.0":
  version "4.6.0"
  resolved "https://registry.yarnpkg.com/@turf/flip/-/flip-4.6.0.tgz#0843131c77a2c114f2027fcff3ae9bd06e96457f"
  dependencies:
    "@turf/meta" "^4.6.0"

"@turf/great-circle@^4.6.0":
  version "4.6.0"
  resolved "https://registry.yarnpkg.com/@turf/great-circle/-/great-circle-4.6.0.tgz#3093b549f82109560485a1f8795ae015430a7f39"
  dependencies:
    "@turf/invariant" "^4.6.0"

"@turf/helpers@^3.13.0", "@turf/helpers@^3.6.3":
  version "3.13.0"
  resolved "https://registry.yarnpkg.com/@turf/helpers/-/helpers-3.13.0.tgz#d06078a1464cf56cdb7ea624ea1e13a71b88b806"

"@turf/helpers@^4.1.0", "@turf/helpers@^4.3.0", "@turf/helpers@^4.6.0":
  version "4.6.0"
  resolved "https://registry.yarnpkg.com/@turf/helpers/-/helpers-4.6.0.tgz#12398733b8ae28420df6166fa44c7ee8ffd6414c"

"@turf/hex-grid@^4.6.1":
  version "4.6.1"
  resolved "https://registry.yarnpkg.com/@turf/hex-grid/-/hex-grid-4.6.1.tgz#211ee084cad9c5ba60ceb36a2994e4bf6962f746"
  dependencies:
    "@turf/distance" "^4.6.0"
    "@turf/helpers" "^4.6.0"

"@turf/idw@^4.6.1":
  version "4.6.1"
  resolved "https://registry.yarnpkg.com/@turf/idw/-/idw-4.6.1.tgz#b23b70876653ee4f891e654b812709d05102aa79"
  dependencies:
    "@turf/bbox" "^4.6.0"
    "@turf/centroid" "^4.6.1"
    "@turf/distance" "^4.6.0"
    "@turf/square-grid" "^4.6.0"

"@turf/inside@^3.14.0", "@turf/inside@^3.7.0":
  version "3.14.0"
  resolved "https://registry.yarnpkg.com/@turf/inside/-/inside-3.14.0.tgz#d6b6af55882cbdb8f9a558dca98689c67bd3c590"
  dependencies:
    "@turf/invariant" "^3.13.0"

"@turf/inside@^4.3.0", "@turf/inside@^4.5.2", "@turf/inside@^4.6.0":
  version "4.6.0"
  resolved "https://registry.yarnpkg.com/@turf/inside/-/inside-4.6.0.tgz#5e469da74bfc75db52271b7dc61aa05ae9d45e93"
  dependencies:
    "@turf/invariant" "^4.6.0"

"@turf/interpolate@^4.6.1":
  version "4.6.1"
  resolved "https://registry.yarnpkg.com/@turf/interpolate/-/interpolate-4.6.1.tgz#6d000223365feecf4a6509739fa6b1d9230cd2fd"
  dependencies:
    "@turf/bbox" "^4.6.0"
    "@turf/centroid" "^4.6.1"
    "@turf/distance" "^4.6.0"
    "@turf/helpers" "^4.6.0"
    "@turf/hex-grid" "^4.6.1"
    "@turf/invariant" "^4.6.0"
    "@turf/meta" "^4.6.0"
    "@turf/point-grid" "^4.6.0"
    "@turf/square-grid" "^4.6.0"
    "@turf/triangle-grid" "^4.6.0"

"@turf/intersect@^4.6.0":
  version "4.6.0"
  resolved "https://registry.yarnpkg.com/@turf/intersect/-/intersect-4.6.0.tgz#b9c21f81f258002c7c31756bb86cdde97865130e"
  dependencies:
    jsts "1.3.0"

"@turf/invariant@^3.13.0":
  version "3.13.0"
  resolved "https://registry.yarnpkg.com/@turf/invariant/-/invariant-3.13.0.tgz#89243308cd563206e81e5c6162e0d22f61822f90"

"@turf/invariant@^4.1.0", "@turf/invariant@^4.3.0", "@turf/invariant@^4.6.0":
  version "4.6.0"
  resolved "https://registry.yarnpkg.com/@turf/invariant/-/invariant-4.6.0.tgz#ba61401d537543f81ccfc588e12bb0d8e653dd80"

"@turf/isobands@^4.6.0":
  version "4.6.0"
  resolved "https://registry.yarnpkg.com/@turf/isobands/-/isobands-4.6.0.tgz#f10db0d864a99be8f6f4c0851cc5a276d2c5ba72"
  dependencies:
    "@turf/area" "^3.7.0"
    "@turf/bbox" "^3.14.0"
    "@turf/explode" "^3.7.0"
    "@turf/helpers" "^3.6.3"
    "@turf/inside" "^3.7.0"
    "@turf/invariant" "^3.13.0"
    grid-to-matrix "^1.2.0"
    marchingsquares "^1.2.0"

"@turf/isolines@^4.6.1":
  version "4.6.1"
  resolved "https://registry.yarnpkg.com/@turf/isolines/-/isolines-4.6.1.tgz#aafc36520554b44a12e53f18edae31b53a941c6b"
  dependencies:
    "@turf/bbox" "^4.6.0"
    "@turf/helpers" "^4.6.0"
    "@turf/invariant" "^4.6.0"
    "@turf/meta" "^4.6.0"
    grid-to-matrix "1.2.0"
    marchingsquares "1.2.0"

"@turf/kinks@^4.6.0":
  version "4.6.0"
  resolved "https://registry.yarnpkg.com/@turf/kinks/-/kinks-4.6.0.tgz#4491e8085b89efaf1963694a4518242229d35e08"
  dependencies:
    "@turf/helpers" "^4.6.0"

"@turf/line-arc@^4.6.0":
  version "4.6.0"
  resolved "https://registry.yarnpkg.com/@turf/line-arc/-/line-arc-4.6.0.tgz#ba1c28382d0e6f3ef4886c7ceaa4d8fb2d83400e"
  dependencies:
    "@turf/circle" "^4.6.0"
    "@turf/destination" "^4.6.0"
    "@turf/helpers" "^4.6.0"

"@turf/line-chunk@^4.6.0":
  version "4.6.0"
  resolved "https://registry.yarnpkg.com/@turf/line-chunk/-/line-chunk-4.6.0.tgz#4e4b874bd741ee826e6a469dec9b6d33ed63db31"
  dependencies:
    "@turf/helpers" "^4.6.0"
    "@turf/line-distance" "^4.6.0"
    "@turf/line-slice-along" "^4.6.0"
    "@turf/meta" "^4.6.0"

"@turf/line-distance@^4.6.0":
  version "4.6.0"
  resolved "https://registry.yarnpkg.com/@turf/line-distance/-/line-distance-4.6.0.tgz#ad29c68c21de8811941614edd1f6b6a164ff1b1e"
  dependencies:
    "@turf/distance" "^4.6.0"
    "@turf/helpers" "^4.6.0"
    "@turf/meta" "^4.6.0"

"@turf/line-intersect@^4.6.0":
  version "4.6.0"
  resolved "https://registry.yarnpkg.com/@turf/line-intersect/-/line-intersect-4.6.0.tgz#15a33e53beb59dee4c33d594b4abbc88104b6dfa"
  dependencies:
    "@turf/helpers" "^4.6.0"
    "@turf/invariant" "^4.6.0"
    "@turf/line-segment" "^4.6.0"
    "@turf/meta" "^4.6.0"
    geojson-rbush "^1.0.1"

"@turf/line-offset@^4.6.0":
  version "4.6.0"
  resolved "https://registry.yarnpkg.com/@turf/line-offset/-/line-offset-4.6.0.tgz#0a035012a52e2acf16b7ba90b7908a2233bd543d"
  dependencies:
    "@turf/helpers" "^4.6.0"
    "@turf/invariant" "^4.6.0"
    "@turf/meta" "^4.6.0"

"@turf/line-overlap@^4.6.0":
  version "4.6.0"
  resolved "https://registry.yarnpkg.com/@turf/line-overlap/-/line-overlap-4.6.0.tgz#0dc3b179b48b6719a637507f02023679b6ac54a6"
  dependencies:
    "@turf/helpers" "^4.6.0"
    "@turf/invariant" "^4.6.0"
    "@turf/line-segment" "^4.6.0"
    "@turf/meta" "^4.6.0"
    deep-equal "^1.0.1"
    geojson-rbush "^1.0.1"

"@turf/line-segment@^4.6.0":
  version "4.6.0"
  resolved "https://registry.yarnpkg.com/@turf/line-segment/-/line-segment-4.6.0.tgz#68d8e98cb5f532bdb1dcc3a7cff1e111610b1fda"
  dependencies:
    "@turf/helpers" "^4.6.0"
    "@turf/invariant" "^4.6.0"
    "@turf/meta" "^4.6.0"

"@turf/line-slice-along@^4.6.0":
  version "4.6.0"
  resolved "https://registry.yarnpkg.com/@turf/line-slice-along/-/line-slice-along-4.6.0.tgz#9da58f37ef9412b442f6033e7522da106d76ec2e"
  dependencies:
    "@turf/bearing" "^4.6.0"
    "@turf/destination" "^4.6.0"
    "@turf/distance" "^4.6.0"
    "@turf/helpers" "^4.6.0"

"@turf/line-slice@^4.6.0":
  version "4.6.0"
  resolved "https://registry.yarnpkg.com/@turf/line-slice/-/line-slice-4.6.0.tgz#bf1b8d9699a7507096dca151df6f06602eb34375"
  dependencies:
    "@turf/helpers" "^4.6.0"
    "@turf/point-on-line" "^4.6.0"

"@turf/line-split@^4.6.0":
  version "4.6.1"
  resolved "https://registry.yarnpkg.com/@turf/line-split/-/line-split-4.6.1.tgz#09e7180c35afe8f05a0d21eae318d53d21a03fe0"
  dependencies:
    "@turf/flatten" "^4.6.0"
    "@turf/helpers" "^4.6.0"
    "@turf/invariant" "^4.6.0"
    "@turf/line-intersect" "^4.6.0"
    "@turf/line-segment" "^4.6.0"
    "@turf/meta" "^4.6.0"
    "@turf/point-on-line" "^4.6.0"
    "@turf/truncate" "^4.6.0"
    geojson-rbush "^1.0.1"

"@turf/linestring-to-polygon@^4.6.0":
  version "4.6.0"
  resolved "https://registry.yarnpkg.com/@turf/linestring-to-polygon/-/linestring-to-polygon-4.6.0.tgz#a03cbe5c38073b4142696deaef61eee39487ab0a"
  dependencies:
    "@turf/bbox" "^4.6.0"
    "@turf/helpers" "^4.6.0"
    "@turf/invariant" "^4.6.0"

"@turf/mask@^4.6.0":
  version "4.6.0"
  resolved "https://registry.yarnpkg.com/@turf/mask/-/mask-4.6.0.tgz#cc7bc34cf58cfd5d75456cfb3fef795d616c6ee3"
  dependencies:
    "@turf/bbox" "^4.6.0"
    "@turf/helpers" "^4.6.0"
    "@turf/meta" "^4.6.0"
    "@turf/union" "^4.6.0"
    rbush "^2.0.1"

"@turf/meta@^3.14.0":
  version "3.14.0"
  resolved "https://registry.yarnpkg.com/@turf/meta/-/meta-3.14.0.tgz#8d3050c1a0f44bf406a633b6bd28c510f7bcee27"

"@turf/meta@^4.1.0", "@turf/meta@^4.3.0", "@turf/meta@^4.6.0":
  version "4.6.0"
  resolved "https://registry.yarnpkg.com/@turf/meta/-/meta-4.6.0.tgz#0d3f9a218e58d1c5e5deedf467c3321dd61203f3"

"@turf/midpoint@^4.6.0":
  version "4.6.0"
  resolved "https://registry.yarnpkg.com/@turf/midpoint/-/midpoint-4.6.0.tgz#d134f9823b53c4cb796e709bad7a29e6ab0a505d"
  dependencies:
    "@turf/bearing" "^4.6.0"
    "@turf/destination" "^4.6.0"
    "@turf/distance" "^4.6.0"

"@turf/nearest@^4.6.0":
  version "4.6.0"
  resolved "https://registry.yarnpkg.com/@turf/nearest/-/nearest-4.6.0.tgz#48287eb55b7cd787f5ed5bd1457ad156bed59db3"
  dependencies:
    "@turf/distance" "^4.6.0"

"@turf/planepoint@^4.6.0":
  version "4.6.0"
  resolved "https://registry.yarnpkg.com/@turf/planepoint/-/planepoint-4.6.0.tgz#85a84c2d48027f3eca6417212622116bead56e1f"
  dependencies:
    "@turf/invariant" "^4.6.0"

"@turf/point-grid@^4.6.0":
  version "4.6.0"
  resolved "https://registry.yarnpkg.com/@turf/point-grid/-/point-grid-4.6.0.tgz#62421f36e50595784ed27a36e94628989ec4550e"
  dependencies:
    "@turf/bbox" "^4.6.0"
    "@turf/distance" "^4.6.0"
    "@turf/helpers" "^4.6.0"
    "@turf/inside" "^4.6.0"
    "@turf/invariant" "^4.6.0"

"@turf/point-on-line@^4.6.0":
  version "4.6.0"
  resolved "https://registry.yarnpkg.com/@turf/point-on-line/-/point-on-line-4.6.0.tgz#fb9e6fae94daa39896df57d9872ad3ce4d55ef0a"
  dependencies:
    "@turf/bearing" "^4.6.0"
    "@turf/destination" "^4.6.0"
    "@turf/distance" "^4.6.0"
    "@turf/helpers" "^4.6.0"
    "@turf/invariant" "^4.6.0"
    "@turf/line-intersect" "^4.6.0"
    "@turf/meta" "^4.6.0"

"@turf/point-on-surface@^4.6.1":
  version "4.6.1"
  resolved "https://registry.yarnpkg.com/@turf/point-on-surface/-/point-on-surface-4.6.1.tgz#dcc96bcad3dbe435998e1316460cd6274aa3c697"
  dependencies:
    "@turf/center" "^4.6.1"
    "@turf/distance" "^4.6.0"
    "@turf/explode" "^4.6.0"
    "@turf/helpers" "^4.6.0"
    "@turf/inside" "^4.6.0"

"@turf/polygon-tangents@^4.6.0":
  version "4.6.0"
  resolved "https://registry.yarnpkg.com/@turf/polygon-tangents/-/polygon-tangents-4.6.0.tgz#f46d0087ff5d1069d4b0668b9b385ed76ad8fdc6"
  dependencies:
    "@turf/helpers" "^4.6.0"
    "@turf/invariant" "^4.6.0"

"@turf/polygon-to-linestring@^4.6.0":
  version "4.6.0"
  resolved "https://registry.yarnpkg.com/@turf/polygon-to-linestring/-/polygon-to-linestring-4.6.0.tgz#f5e904ad1dc27728ac30824c9281252c4fd0140f"
  dependencies:
    "@turf/helpers" "^4.6.0"
    "@turf/invariant" "^4.6.0"

"@turf/polygonize@^4.6.1":
  version "4.6.1"
  resolved "https://registry.yarnpkg.com/@turf/polygonize/-/polygonize-4.6.1.tgz#15aaaf76b770bbe08a8ec886ff238e53629eac52"
  dependencies:
    polygonize "1.0.1"

"@turf/random@^4.5.2":
  version "4.5.2"
  resolved "https://registry.yarnpkg.com/@turf/random/-/random-4.5.2.tgz#965353691cd64261c341cb4dc071c618b8f05e51"
  dependencies:
    geojson-random "^0.2.2"

"@turf/rewind@^4.6.0":
  version "4.6.0"
  resolved "https://registry.yarnpkg.com/@turf/rewind/-/rewind-4.6.0.tgz#f2fce187254b6ec8393a103d88e6b4922fc5baa7"
  dependencies:
    "@turf/helpers" "^4.6.0"
    "@turf/invariant" "^4.6.0"
    "@turf/meta" "^4.6.0"
    turf-is-clockwise "^1.0.0"

"@turf/rhumb-bearing@^4.6.0":
  version "4.6.0"
  resolved "https://registry.yarnpkg.com/@turf/rhumb-bearing/-/rhumb-bearing-4.6.0.tgz#550821a34317f274e4eb90363ec32ce2ea94c2a9"
  dependencies:
    "@turf/invariant" "^4.6.0"
    geodesy "1.1.1"

"@turf/rhumb-destination@^4.6.0":
  version "4.6.0"
  resolved "https://registry.yarnpkg.com/@turf/rhumb-destination/-/rhumb-destination-4.6.0.tgz#d21d3c76fa7b7312e5b1f3b40083aefb99879a86"
  dependencies:
    "@turf/helpers" "^4.6.0"
    "@turf/invariant" "^4.6.0"
    geodesy "1.1.1"

"@turf/rhumb-distance@^4.6.0":
  version "4.6.0"
  resolved "https://registry.yarnpkg.com/@turf/rhumb-distance/-/rhumb-distance-4.6.0.tgz#2a4fbb510f0be2a2cc8f50e9f3e59fac2ec590fb"
  dependencies:
    "@turf/helpers" "^4.6.0"
    "@turf/invariant" "^4.6.0"
    geodesy "1.1.1"

"@turf/sample@^4.6.0":
  version "4.6.0"
  resolved "https://registry.yarnpkg.com/@turf/sample/-/sample-4.6.0.tgz#351d144dc2e2a43f74ccbcb7924c89471439e290"
  dependencies:
    "@turf/helpers" "^4.6.0"

"@turf/sector@^4.6.0":
  version "4.6.0"
  resolved "https://registry.yarnpkg.com/@turf/sector/-/sector-4.6.0.tgz#989035243d936e2ad3a32e226169fd4394d429db"
  dependencies:
    "@turf/circle" "^4.6.0"
    "@turf/helpers" "^4.6.0"
    "@turf/invariant" "^4.6.0"
    "@turf/line-arc" "^4.6.0"
    "@turf/meta" "^4.6.0"

"@turf/simplify@^4.6.0":
  version "4.6.0"
  resolved "https://registry.yarnpkg.com/@turf/simplify/-/simplify-4.6.0.tgz#e19e3c0eaf5fcec54eb978ab60f08843af6543c7"
  dependencies:
    simplify-js "^1.2.1"

"@turf/square-grid@^4.6.0":
  version "4.6.0"
  resolved "https://registry.yarnpkg.com/@turf/square-grid/-/square-grid-4.6.0.tgz#e1c1637402ec6426ddcf37cb6382deab0267df34"
  dependencies:
    "@turf/bbox" "^4.6.0"
    "@turf/distance" "^4.6.0"
    "@turf/helpers" "^4.6.0"

"@turf/square@^4.6.0":
  version "4.6.0"
  resolved "https://registry.yarnpkg.com/@turf/square/-/square-4.6.0.tgz#5b6718547e04c0c1a53e18d3ce1c9e614b0cdb5a"
  dependencies:
    "@turf/distance" "^4.6.0"

"@turf/tag@^4.6.0":
  version "4.6.0"
  resolved "https://registry.yarnpkg.com/@turf/tag/-/tag-4.6.0.tgz#6e7e5ef54f517e348e78b458ce73d2860ab607d3"
  dependencies:
    "@turf/inside" "^4.6.0"

"@turf/tesselate@^4.6.0":
  version "4.6.0"
  resolved "https://registry.yarnpkg.com/@turf/tesselate/-/tesselate-4.6.0.tgz#9bcdea99724dba8d465c7af104e7a9b389e01bdd"
  dependencies:
    "@turf/helpers" "^4.6.0"
    earcut "^2.0.0"

"@turf/tin@^4.6.0":
  version "4.6.0"
  resolved "https://registry.yarnpkg.com/@turf/tin/-/tin-4.6.0.tgz#c7f43a60065a642c5cc7c6d01c678449c667c8e6"
  dependencies:
    "@turf/helpers" "^4.6.0"

"@turf/transform-rotate@^4.6.1":
  version "4.6.1"
  resolved "https://registry.yarnpkg.com/@turf/transform-rotate/-/transform-rotate-4.6.1.tgz#7d3bf2c9a2630e1d41de8a872e92ac31af07b74a"
  dependencies:
    "@turf/centroid" "^4.6.1"
    "@turf/invariant" "^4.6.0"
    "@turf/meta" "^4.6.0"
    "@turf/rhumb-bearing" "^4.6.0"
    "@turf/rhumb-destination" "^4.6.0"
    "@turf/rhumb-distance" "^4.6.0"

"@turf/transform-scale@^4.6.1":
  version "4.6.1"
  resolved "https://registry.yarnpkg.com/@turf/transform-scale/-/transform-scale-4.6.1.tgz#42e22a97f248b70b0726276f1aa08b8929ce9683"
  dependencies:
    "@turf/bbox" "^4.6.0"
    "@turf/center" "^4.6.1"
    "@turf/centroid" "^4.6.1"
    "@turf/helpers" "^4.6.0"
    "@turf/invariant" "^4.6.0"
    "@turf/meta" "^4.6.0"
    "@turf/rhumb-bearing" "^4.6.0"
    "@turf/rhumb-destination" "^4.6.0"
    "@turf/rhumb-distance" "^4.6.0"

"@turf/transform-translate@^4.6.0":
  version "4.6.0"
  resolved "https://registry.yarnpkg.com/@turf/transform-translate/-/transform-translate-4.6.0.tgz#4daf7f17e56438211848b42d9f79ac7baad5c32f"
  dependencies:
    "@turf/invariant" "^4.6.0"
    "@turf/meta" "^4.6.0"
    "@turf/rhumb-destination" "^4.6.0"

"@turf/triangle-grid@^4.6.0":
  version "4.6.0"
  resolved "https://registry.yarnpkg.com/@turf/triangle-grid/-/triangle-grid-4.6.0.tgz#c0c30df466fe0bb7f32cc1dfd8ca485ac2911b6d"
  dependencies:
    "@turf/distance" "^4.6.0"
    "@turf/helpers" "^4.6.0"

"@turf/truncate@^4.6.0":
  version "4.6.0"
  resolved "https://registry.yarnpkg.com/@turf/truncate/-/truncate-4.6.0.tgz#903ad5ed34c0b851b93529975eb8e2eb769a561f"
  dependencies:
    "@turf/meta" "^4.6.0"

"@turf/turf@^4.6.0":
  version "4.6.1"
  resolved "https://registry.yarnpkg.com/@turf/turf/-/turf-4.6.1.tgz#29fe4996b2e809fe2db98ea2f3ed352bc5b406b2"
  dependencies:
    "@turf/along" "^4.6.0"
    "@turf/area" "^4.6.0"
    "@turf/bbox" "^4.6.0"
    "@turf/bbox-clip" "^4.6.0"
    "@turf/bbox-polygon" "^4.6.0"
    "@turf/bearing" "^4.6.0"
    "@turf/bezier" "^4.6.0"
    "@turf/boolean-clockwise" "^4.6.0"
    "@turf/boolean-contains" "^4.6.1"
    "@turf/boolean-crosses" "^4.6.1"
    "@turf/boolean-disjoint" "^4.6.1"
    "@turf/boolean-equal" "^4.6.0"
    "@turf/boolean-overlap" "^4.6.0"
    "@turf/boolean-point-on-line" "^4.6.1"
    "@turf/buffer" "^4.6.1"
    "@turf/center" "^4.6.1"
    "@turf/center-of-mass" "^4.6.1"
    "@turf/centroid" "^4.6.1"
    "@turf/circle" "^4.6.0"
    "@turf/clean-coords" "^4.6.0"
    "@turf/clone" "^4.6.1"
    "@turf/clusters" "^4.6.1"
    "@turf/clusters-dbscan" "^4.6.1"
    "@turf/clusters-kmeans" "^4.6.1"
    "@turf/collect" "^4.6.0"
    "@turf/combine" "^4.6.0"
    "@turf/concave" "^4.6.0"
    "@turf/convex" "^4.6.0"
    "@turf/destination" "^4.6.0"
    "@turf/difference" "^4.6.0"
    "@turf/dissolve" "^4.6.0"
    "@turf/distance" "^4.6.0"
    "@turf/envelope" "^4.6.0"
    "@turf/explode" "^4.6.0"
    "@turf/flatten" "^4.6.0"
    "@turf/flip" "^4.6.0"
    "@turf/great-circle" "^4.6.0"
    "@turf/helpers" "^4.6.0"
    "@turf/hex-grid" "^4.6.1"
    "@turf/idw" "^4.6.1"
    "@turf/inside" "^4.6.0"
    "@turf/interpolate" "^4.6.1"
    "@turf/intersect" "^4.6.0"
    "@turf/invariant" "^4.6.0"
    "@turf/isobands" "^4.6.0"
    "@turf/isolines" "^4.6.1"
    "@turf/kinks" "^4.6.0"
    "@turf/line-arc" "^4.6.0"
    "@turf/line-chunk" "^4.6.0"
    "@turf/line-distance" "^4.6.0"
    "@turf/line-intersect" "^4.6.0"
    "@turf/line-offset" "^4.6.0"
    "@turf/line-overlap" "^4.6.0"
    "@turf/line-segment" "^4.6.0"
    "@turf/line-slice" "^4.6.0"
    "@turf/line-slice-along" "^4.6.0"
    "@turf/line-split" "^4.6.0"
    "@turf/linestring-to-polygon" "^4.6.0"
    "@turf/mask" "^4.6.0"
    "@turf/meta" "^4.6.0"
    "@turf/midpoint" "^4.6.0"
    "@turf/nearest" "^4.6.0"
    "@turf/planepoint" "^4.6.0"
    "@turf/point-grid" "^4.6.0"
    "@turf/point-on-line" "^4.6.0"
    "@turf/point-on-surface" "^4.6.1"
    "@turf/polygon-tangents" "^4.6.0"
    "@turf/polygon-to-linestring" "^4.6.0"
    "@turf/polygonize" "^4.6.1"
    "@turf/random" "^4.5.2"
    "@turf/rewind" "^4.6.0"
    "@turf/rhumb-bearing" "^4.6.0"
    "@turf/rhumb-destination" "^4.6.0"
    "@turf/rhumb-distance" "^4.6.0"
    "@turf/sample" "^4.6.0"
    "@turf/sector" "^4.6.0"
    "@turf/simplify" "^4.6.0"
    "@turf/square" "^4.6.0"
    "@turf/square-grid" "^4.6.0"
    "@turf/tag" "^4.6.0"
    "@turf/tesselate" "^4.6.0"
    "@turf/tin" "^4.6.0"
    "@turf/transform-rotate" "^4.6.1"
    "@turf/transform-scale" "^4.6.1"
    "@turf/transform-translate" "^4.6.0"
    "@turf/triangle-grid" "^4.6.0"
    "@turf/truncate" "^4.6.0"
    "@turf/union" "^4.6.0"
    "@turf/unkink-polygon" "^4.6.0"
    "@turf/within" "^4.6.0"

"@turf/union@^4.6.0":
  version "4.6.0"
  resolved "https://registry.yarnpkg.com/@turf/union/-/union-4.6.0.tgz#3b861e35f6ce317e86b33ba2768e5d3f625417b3"
  dependencies:
    jsts "1.3.0"

"@turf/unkink-polygon@^4.6.0":
  version "4.6.0"
  resolved "https://registry.yarnpkg.com/@turf/unkink-polygon/-/unkink-polygon-4.6.0.tgz#94ea34d037132783d5aa6381b984be39ce24ace2"
  dependencies:
    "@turf/flatten" "^4.6.0"
    "@turf/helpers" "^4.6.0"
    "@turf/meta" "^4.6.0"
    simplepolygon "1.2.0"

"@turf/within@^3.13.0":
  version "3.14.0"
  resolved "https://registry.yarnpkg.com/@turf/within/-/within-3.14.0.tgz#891a578323c292b9792269032dd74870e0e14c53"
  dependencies:
    "@turf/helpers" "^3.13.0"
    "@turf/inside" "^3.14.0"

"@turf/within@^4.6.0":
  version "4.6.0"
  resolved "https://registry.yarnpkg.com/@turf/within/-/within-4.6.0.tgz#3576909a1882840a312b5de576f4e444cc424e43"
  dependencies:
    "@turf/helpers" "^4.6.0"
    "@turf/inside" "^4.6.0"

affine-hull@^1.0.0:
  version "1.0.0"
  resolved "https://registry.yarnpkg.com/affine-hull/-/affine-hull-1.0.0.tgz#763ff1d38d063ceb7e272f17ee4d7bbcaf905c5d"
  dependencies:
    robust-orientation "^1.1.3"

balanced-match@^1.0.0:
  version "1.0.0"
  resolved "https://registry.yarnpkg.com/balanced-match/-/balanced-match-1.0.0.tgz#89b4d199ab2bee49de164ea02b89ce462d71b767"

benchmark@^2.1.4:
  version "2.1.4"
  resolved "https://registry.yarnpkg.com/benchmark/-/benchmark-2.1.4.tgz#09f3de31c916425d498cc2ee565a0ebf3c2a5629"
  dependencies:
    lodash "^4.17.4"
    platform "^1.3.3"

bit-twiddle@^1.0.0:
  version "1.0.2"
  resolved "https://registry.yarnpkg.com/bit-twiddle/-/bit-twiddle-1.0.2.tgz#0c6c1fabe2b23d17173d9a61b7b7093eb9e1769e"

brace-expansion@^1.1.7:
  version "1.1.8"
  resolved "https://registry.yarnpkg.com/brace-expansion/-/brace-expansion-1.1.8.tgz#c07b211c7c952ec1f8efd51a77ef0d1d3990a292"
  dependencies:
    balanced-match "^1.0.0"
    concat-map "0.0.1"

concat-map@0.0.1:
  version "0.0.1"
  resolved "https://registry.yarnpkg.com/concat-map/-/concat-map-0.0.1.tgz#d8a96bd77fd68df7793a73036a3ba0d5405d477b"

convex-hull@^1.0.3:
  version "1.0.3"
  resolved "https://registry.yarnpkg.com/convex-hull/-/convex-hull-1.0.3.tgz#20a3aa6ce87f4adea2ff7d17971c9fc1c67e1fff"
  dependencies:
    affine-hull "^1.0.0"
    incremental-convex-hull "^1.0.1"
    monotone-convex-hull-2d "^1.0.1"

d3-array@1:
  version "1.2.0"
  resolved "https://registry.yarnpkg.com/d3-array/-/d3-array-1.2.0.tgz#147d269720e174c4057a7f42be8b0f3f2ba53108"

d3-geo@^1.6.3:
  version "1.6.4"
  resolved "https://registry.yarnpkg.com/d3-geo/-/d3-geo-1.6.4.tgz#f20e1e461cb1845f5a8be55ab6f876542a7e3199"
  dependencies:
    d3-array "1"

debug@^2.6.3:
  version "2.6.8"
  resolved "https://registry.yarnpkg.com/debug/-/debug-2.6.8.tgz#e731531ca2ede27d188222427da17821d68ff4fc"
  dependencies:
    ms "2.0.0"

deep-equal@^1.0.0, deep-equal@^1.0.1, deep-equal@~1.0.1:
  version "1.0.1"
  resolved "https://registry.yarnpkg.com/deep-equal/-/deep-equal-1.0.1.tgz#f5d260292b660e084eff4cdbc9f08ad3247448b5"

define-properties@^1.1.2:
  version "1.1.2"
  resolved "https://registry.yarnpkg.com/define-properties/-/define-properties-1.1.2.tgz#83a73f2fea569898fb737193c8f873caf6d45c94"
  dependencies:
    foreach "^2.0.5"
    object-keys "^1.0.8"

defined@~1.0.0:
  version "1.0.0"
  resolved "https://registry.yarnpkg.com/defined/-/defined-1.0.0.tgz#c98d9bcef75674188e110969151199e39b1fa693"

density-clustering@1.3.0:
  version "1.3.0"
  resolved "https://registry.yarnpkg.com/density-clustering/-/density-clustering-1.3.0.tgz#dc9f59c8f0ab97e1624ac64930fd3194817dcac5"

detect-indent@^5.0.0:
  version "5.0.0"
  resolved "https://registry.yarnpkg.com/detect-indent/-/detect-indent-5.0.0.tgz#3871cc0a6a002e8c3e5b3cf7f336264675f06b9d"

earcut@^2.0.0:
  version "2.1.1"
  resolved "https://registry.yarnpkg.com/earcut/-/earcut-2.1.1.tgz#157634e5f3ebb42224e475016e86a5b6ce556b45"

error-ex@^1.2.0:
  version "1.3.1"
  resolved "https://registry.yarnpkg.com/error-ex/-/error-ex-1.3.1.tgz#f855a86ce61adc4e8621c3cda21e7a7612c3a8dc"
  dependencies:
    is-arrayish "^0.2.1"

es-abstract@^1.5.0:
  version "1.8.0"
  resolved "https://registry.yarnpkg.com/es-abstract/-/es-abstract-1.8.0.tgz#3b00385e85729932beffa9163bbea1234e932914"
  dependencies:
    es-to-primitive "^1.1.1"
    function-bind "^1.1.0"
    has "^1.0.1"
    is-callable "^1.1.3"
    is-regex "^1.0.4"

es-to-primitive@^1.1.1:
  version "1.1.1"
  resolved "https://registry.yarnpkg.com/es-to-primitive/-/es-to-primitive-1.1.1.tgz#45355248a88979034b6792e19bb81f2b7975dd0d"
  dependencies:
    is-callable "^1.1.1"
    is-date-object "^1.0.1"
    is-symbol "^1.0.1"

for-each@~0.3.2:
  version "0.3.2"
  resolved "https://registry.yarnpkg.com/for-each/-/for-each-0.3.2.tgz#2c40450b9348e97f281322593ba96704b9abd4d4"
  dependencies:
    is-function "~1.0.0"

foreach@^2.0.5:
  version "2.0.5"
  resolved "https://registry.yarnpkg.com/foreach/-/foreach-2.0.5.tgz#0bee005018aeb260d0a3af3ae658dd0136ec1b99"

fs.realpath@^1.0.0:
  version "1.0.0"
  resolved "https://registry.yarnpkg.com/fs.realpath/-/fs.realpath-1.0.0.tgz#1504ad2523158caa40db4a2787cb01411994ea4f"

function-bind@^1.0.2, function-bind@^1.1.0, function-bind@~1.1.0:
  version "1.1.0"
  resolved "https://registry.yarnpkg.com/function-bind/-/function-bind-1.1.0.tgz#16176714c801798e4e8f2cf7f7529467bb4a5771"

geodesy@1.1.1:
  version "1.1.1"
  resolved "https://registry.yarnpkg.com/geodesy/-/geodesy-1.1.1.tgz#918c414a5cc247c8128332b7624050c467e98a5d"

geojson-equality@0.1.6:
  version "0.1.6"
  resolved "https://registry.yarnpkg.com/geojson-equality/-/geojson-equality-0.1.6.tgz#a171374ef043e5d4797995840bae4648e0752d72"
  dependencies:
    deep-equal "^1.0.0"

geojson-polygon-self-intersections@^1.1.1:
  version "1.1.2"
  resolved "https://registry.yarnpkg.com/geojson-polygon-self-intersections/-/geojson-polygon-self-intersections-1.1.2.tgz#bc49ce3be2175005802ad6f3c231dbdd7c65777b"
  dependencies:
    rbush "^2.0.1"

geojson-random@^0.2.2:
  version "0.2.2"
  resolved "https://registry.yarnpkg.com/geojson-random/-/geojson-random-0.2.2.tgz#ab4838f126adc5e16f8f94e655def820f9119dbc"

geojson-rbush@^1.0.1:
  version "1.2.0"
  resolved "https://registry.yarnpkg.com/geojson-rbush/-/geojson-rbush-1.2.0.tgz#eca3b6a3afb899a453ef82d5e2373092e20d77e5"
  dependencies:
    "@turf/meta" "^4.6.0"
    rbush "^2.0.1"

geojson-utils@^1.1.0:
  version "1.1.0"
  resolved "https://registry.yarnpkg.com/geojson-utils/-/geojson-utils-1.1.0.tgz#e8ffb4c81c0a75b3e306f5187265d6f23040f50b"

get-closest@^0.0.4:
  version "0.0.4"
  resolved "https://registry.yarnpkg.com/get-closest/-/get-closest-0.0.4.tgz#269ac776d1e6022aa0fd586dd708e8a7d32269af"

glob@~7.1.2:
  version "7.1.2"
  resolved "https://registry.yarnpkg.com/glob/-/glob-7.1.2.tgz#c19c9df9a028702d678612384a6552404c636d15"
  dependencies:
    fs.realpath "^1.0.0"
    inflight "^1.0.4"
    inherits "2"
    minimatch "^3.0.4"
    once "^1.3.0"
    path-is-absolute "^1.0.0"

graceful-fs@^4.1.11, graceful-fs@^4.1.2:
  version "4.1.11"
  resolved "https://registry.yarnpkg.com/graceful-fs/-/graceful-fs-4.1.11.tgz#0e8bdfe4d1ddb8854d64e04ea7c00e2a026e5658"

grid-to-matrix@1.2.0, grid-to-matrix@^1.2.0:
  version "1.2.0"
  resolved "https://registry.yarnpkg.com/grid-to-matrix/-/grid-to-matrix-1.2.0.tgz#b016df4d76f996e6b74663eab9ceb913546657e9"
  dependencies:
    "@turf/helpers" "^4.1.0"
    "@turf/invariant" "^4.1.0"
    "@turf/meta" "^4.1.0"

has@^1.0.1, has@~1.0.1:
  version "1.0.1"
  resolved "https://registry.yarnpkg.com/has/-/has-1.0.1.tgz#8461733f538b0837c9361e39a9ab9e9704dc2f28"
  dependencies:
    function-bind "^1.0.2"

imurmurhash@^0.1.4:
  version "0.1.4"
  resolved "https://registry.yarnpkg.com/imurmurhash/-/imurmurhash-0.1.4.tgz#9218b9b2b928a238b13dc4fb6b6d576f231453ea"

incremental-convex-hull@^1.0.1:
  version "1.0.1"
  resolved "https://registry.yarnpkg.com/incremental-convex-hull/-/incremental-convex-hull-1.0.1.tgz#51428c14cb9d9a6144bfe69b2851fb377334be1e"
  dependencies:
    robust-orientation "^1.1.2"
    simplicial-complex "^1.0.0"

inflight@^1.0.4:
  version "1.0.6"
  resolved "https://registry.yarnpkg.com/inflight/-/inflight-1.0.6.tgz#49bd6331d7d02d0c09bc910a1075ba8165b56df9"
  dependencies:
    once "^1.3.0"
    wrappy "1"

inherits@2, inherits@~2.0.3:
  version "2.0.3"
  resolved "https://registry.yarnpkg.com/inherits/-/inherits-2.0.3.tgz#633c2c83e3da42a502f52466022480f4208261de"

is-arrayish@^0.2.1:
  version "0.2.1"
  resolved "https://registry.yarnpkg.com/is-arrayish/-/is-arrayish-0.2.1.tgz#77c99840527aa8ecb1a8ba697b80645a7a926a9d"

is-callable@^1.1.1, is-callable@^1.1.3:
  version "1.1.3"
  resolved "https://registry.yarnpkg.com/is-callable/-/is-callable-1.1.3.tgz#86eb75392805ddc33af71c92a0eedf74ee7604b2"

is-date-object@^1.0.1:
  version "1.0.1"
  resolved "https://registry.yarnpkg.com/is-date-object/-/is-date-object-1.0.1.tgz#9aa20eb6aeebbff77fbd33e74ca01b33581d3a16"

is-function@~1.0.0:
  version "1.0.1"
  resolved "https://registry.yarnpkg.com/is-function/-/is-function-1.0.1.tgz#12cfb98b65b57dd3d193a3121f5f6e2f437602b5"

is-plain-obj@^1.0.0:
  version "1.1.0"
  resolved "https://registry.yarnpkg.com/is-plain-obj/-/is-plain-obj-1.1.0.tgz#71a50c8429dfca773c92a390a4a03b39fcd51d3e"

is-regex@^1.0.4:
  version "1.0.4"
  resolved "https://registry.yarnpkg.com/is-regex/-/is-regex-1.0.4.tgz#5517489b547091b0930e095654ced25ee97e9491"
  dependencies:
    has "^1.0.1"

is-symbol@^1.0.1:
  version "1.0.1"
  resolved "https://registry.yarnpkg.com/is-symbol/-/is-symbol-1.0.1.tgz#3cc59f00025194b6ab2e38dbae6689256b660572"

jsts@1.3.0:
  version "1.3.0"
  resolved "https://registry.yarnpkg.com/jsts/-/jsts-1.3.0.tgz#e93a76f97ac9bda7d4625d9d6470f0d60ac80e45"

lineclip@^1.1.5:
  version "1.1.5"
  resolved "https://registry.yarnpkg.com/lineclip/-/lineclip-1.1.5.tgz#2bf26067d94354feabf91e42768236db5616fd13"

load-json-file@^2.0.0:
  version "2.0.0"
  resolved "https://registry.yarnpkg.com/load-json-file/-/load-json-file-2.0.0.tgz#7947e42149af80d696cbf797bcaabcfe1fe29ca8"
  dependencies:
    graceful-fs "^4.1.2"
    parse-json "^2.2.0"
    pify "^2.0.0"
    strip-bom "^3.0.0"

lodash@^4.17.4:
  version "4.17.4"
  resolved "https://registry.yarnpkg.com/lodash/-/lodash-4.17.4.tgz#78203a4d1c328ae1d86dca6460e369b57f4055ae"

make-dir@^1.0.0:
  version "1.0.0"
  resolved "https://registry.yarnpkg.com/make-dir/-/make-dir-1.0.0.tgz#97a011751e91dd87cfadef58832ebb04936de978"
  dependencies:
    pify "^2.3.0"

marchingsquares@1.2.0, marchingsquares@^1.2.0:
  version "1.2.0"
  resolved "https://registry.yarnpkg.com/marchingsquares/-/marchingsquares-1.2.0.tgz#36ae2dcc170be576d42579aac3c46da89ab650e6"

minimatch@^3.0.4:
  version "3.0.4"
  resolved "https://registry.yarnpkg.com/minimatch/-/minimatch-3.0.4.tgz#5166e286457f03306064be5497e8dbb0c3d32083"
  dependencies:
    brace-expansion "^1.1.7"

minimist@~1.2.0:
  version "1.2.0"
  resolved "https://registry.yarnpkg.com/minimist/-/minimist-1.2.0.tgz#a35008b20f41383eec1fb914f4cd5df79a264284"

monotone-convex-hull-2d@^1.0.1:
  version "1.0.1"
  resolved "https://registry.yarnpkg.com/monotone-convex-hull-2d/-/monotone-convex-hull-2d-1.0.1.tgz#47f5daeadf3c4afd37764baa1aa8787a40eee08c"
  dependencies:
    robust-orientation "^1.1.3"

ms@2.0.0:
  version "2.0.0"
  resolved "https://registry.yarnpkg.com/ms/-/ms-2.0.0.tgz#5608aeadfc00be6c2901df5f9861788de0d597c8"

object-inspect@~1.3.0:
  version "1.3.0"
  resolved "https://registry.yarnpkg.com/object-inspect/-/object-inspect-1.3.0.tgz#5b1eb8e6742e2ee83342a637034d844928ba2f6d"

object-keys@^1.0.8:
  version "1.0.11"
  resolved "https://registry.yarnpkg.com/object-keys/-/object-keys-1.0.11.tgz#c54601778ad560f1142ce0e01bcca8b56d13426d"

once@^1.3.0:
  version "1.4.0"
  resolved "https://registry.yarnpkg.com/once/-/once-1.4.0.tgz#583b1aa775961d4b113ac17d9c50baef9dd76bd1"
  dependencies:
    wrappy "1"

parse-json@^2.2.0:
  version "2.2.0"
  resolved "https://registry.yarnpkg.com/parse-json/-/parse-json-2.2.0.tgz#f480f40434ef80741f8469099f8dea18f55a4dc9"
  dependencies:
    error-ex "^1.2.0"

path-is-absolute@^1.0.0:
  version "1.0.1"
  resolved "https://registry.yarnpkg.com/path-is-absolute/-/path-is-absolute-1.0.1.tgz#174b9268735534ffbc7ace6bf53a5a9e1b5c5f5f"

path-parse@^1.0.5:
  version "1.0.5"
  resolved "https://registry.yarnpkg.com/path-parse/-/path-parse-1.0.5.tgz#3c1adf871ea9cd6c9431b6ea2bd74a0ff055c4c1"

pify@^2.0.0, pify@^2.3.0:
  version "2.3.0"
  resolved "https://registry.yarnpkg.com/pify/-/pify-2.3.0.tgz#ed141a6ac043a849ea588498e7dca8b15330e90c"

platform@^1.3.3:
  version "1.3.4"
  resolved "https://registry.yarnpkg.com/platform/-/platform-1.3.4.tgz#6f0fb17edaaa48f21442b3a975c063130f1c3ebd"

polygonize@1.0.1:
  version "1.0.1"
  resolved "https://registry.yarnpkg.com/polygonize/-/polygonize-1.0.1.tgz#51fb7040914be0fbc43b0bd54d421d75fc2ae7a6"
  dependencies:
    "@turf/envelope" "^4.3.0"
    "@turf/helpers" "^4.3.0"
    "@turf/inside" "^4.3.0"
    "@turf/invariant" "^4.3.0"
    "@turf/meta" "^4.3.0"

quickselect@^1.0.0:
  version "1.0.0"
  resolved "https://registry.yarnpkg.com/quickselect/-/quickselect-1.0.0.tgz#02630818f9aae4ecab26f0103f98d061c17c58f3"

rbush@^2.0.1:
  version "2.0.1"
  resolved "https://registry.yarnpkg.com/rbush/-/rbush-2.0.1.tgz#4cfaca28c3064bc0ee75431a1b79990e875eefa9"
  dependencies:
    quickselect "^1.0.0"

resolve@~1.4.0:
  version "1.4.0"
  resolved "https://registry.yarnpkg.com/resolve/-/resolve-1.4.0.tgz#a75be01c53da25d934a98ebd0e4c4a7312f92a86"
  dependencies:
    path-parse "^1.0.5"

resumer@~0.0.0:
  version "0.0.0"
  resolved "https://registry.yarnpkg.com/resumer/-/resumer-0.0.0.tgz#f1e8f461e4064ba39e82af3cdc2a8c893d076759"
  dependencies:
    through "~2.3.4"

robust-orientation@^1.1.2, robust-orientation@^1.1.3:
  version "1.1.3"
  resolved "https://registry.yarnpkg.com/robust-orientation/-/robust-orientation-1.1.3.tgz#daff5b00d3be4e60722f0e9c0156ef967f1c2049"
  dependencies:
    robust-scale "^1.0.2"
    robust-subtract "^1.0.0"
    robust-sum "^1.0.0"
    two-product "^1.0.2"

robust-scale@^1.0.2:
  version "1.0.2"
  resolved "https://registry.yarnpkg.com/robust-scale/-/robust-scale-1.0.2.tgz#775132ed09542d028e58b2cc79c06290bcf78c32"
  dependencies:
    two-product "^1.0.2"
    two-sum "^1.0.0"

robust-subtract@^1.0.0:
  version "1.0.0"
  resolved "https://registry.yarnpkg.com/robust-subtract/-/robust-subtract-1.0.0.tgz#e0b164e1ed8ba4e3a5dda45a12038348dbed3e9a"

robust-sum@^1.0.0:
  version "1.0.0"
  resolved "https://registry.yarnpkg.com/robust-sum/-/robust-sum-1.0.0.tgz#16646e525292b4d25d82757a286955e0bbfa53d9"

signal-exit@^3.0.2:
  version "3.0.2"
  resolved "https://registry.yarnpkg.com/signal-exit/-/signal-exit-3.0.2.tgz#b5fdc08f1287ea1178628e415e25132b73646c6d"

simplepolygon@1.2.0:
  version "1.2.0"
  resolved "https://registry.yarnpkg.com/simplepolygon/-/simplepolygon-1.2.0.tgz#46260a48bbe467e2a7a10bcb65ecd0e3ddbb2eb9"
  dependencies:
    "@turf/area" "^3.13.0"
    "@turf/helpers" "^3.13.0"
    "@turf/inside" "^4.5.2"
    "@turf/within" "^3.13.0"
    debug "^2.6.3"
    geojson-polygon-self-intersections "^1.1.1"
    rbush "^2.0.1"

simplicial-complex@^1.0.0:
  version "1.0.0"
  resolved "https://registry.yarnpkg.com/simplicial-complex/-/simplicial-complex-1.0.0.tgz#6c33a4ed69fcd4d91b7bcadd3b30b63683eae241"
  dependencies:
    bit-twiddle "^1.0.0"
    union-find "^1.0.0"

simplify-js@^1.2.1:
  version "1.2.1"
  resolved "https://registry.yarnpkg.com/simplify-js/-/simplify-js-1.2.1.tgz#fa216b40454f48175450e0fea1bd1e6ab39fcbc0"

sort-keys@^1.1.1:
  version "1.1.2"
  resolved "https://registry.yarnpkg.com/sort-keys/-/sort-keys-1.1.2.tgz#441b6d4d346798f1b4e49e8920adfba0e543f9ad"
  dependencies:
    is-plain-obj "^1.0.0"

sphericalmercator@^1.0.5:
  version "1.0.5"
  resolved "https://registry.yarnpkg.com/sphericalmercator/-/sphericalmercator-1.0.5.tgz#ddc5a049e360e000d0fad9fc22c4071882584980"

string.prototype.trim@~1.1.2:
  version "1.1.2"
  resolved "https://registry.yarnpkg.com/string.prototype.trim/-/string.prototype.trim-1.1.2.tgz#d04de2c89e137f4d7d206f086b5ed2fae6be8cea"
  dependencies:
    define-properties "^1.1.2"
    es-abstract "^1.5.0"
    function-bind "^1.0.2"

strip-bom@^3.0.0:
  version "3.0.0"
  resolved "https://registry.yarnpkg.com/strip-bom/-/strip-bom-3.0.0.tgz#2334c18e9c759f7bdd56fdef7e9ae3d588e68ed3"

tape@^4.6.3:
  version "4.8.0"
  resolved "https://registry.yarnpkg.com/tape/-/tape-4.8.0.tgz#f6a9fec41cc50a1de50fa33603ab580991f6068e"
  dependencies:
    deep-equal "~1.0.1"
    defined "~1.0.0"
    for-each "~0.3.2"
    function-bind "~1.1.0"
    glob "~7.1.2"
    has "~1.0.1"
    inherits "~2.0.3"
    minimist "~1.2.0"
    object-inspect "~1.3.0"
    resolve "~1.4.0"
    resumer "~0.0.0"
    string.prototype.trim "~1.1.2"
    through "~2.3.8"

through@~2.3.4, through@~2.3.8:
  version "2.3.8"
  resolved "https://registry.yarnpkg.com/through/-/through-2.3.8.tgz#0dd4c9ffaabc357960b1b724115d7e0e86a2e1f5"

turf-is-clockwise@^1.0.0:
  version "1.0.0"
  resolved "https://registry.yarnpkg.com/turf-is-clockwise/-/turf-is-clockwise-1.0.0.tgz#dc22e5ffd4cf10934683aa004627cff87a6dfe91"

turf-overlaps@^1.0.3:
  version "1.0.3"
  resolved "https://registry.yarnpkg.com/turf-overlaps/-/turf-overlaps-1.0.3.tgz#4711c91466853af03b3ce962585aeca9fc2325f5"
  dependencies:
    turf-is-clockwise "^1.0.0"

two-product@^1.0.2:
  version "1.0.2"
  resolved "https://registry.yarnpkg.com/two-product/-/two-product-1.0.2.tgz#67d95d4b257a921e2cb4bd7af9511f9088522eaa"

two-sum@^1.0.0:
  version "1.0.0"
  resolved "https://registry.yarnpkg.com/two-sum/-/two-sum-1.0.0.tgz#31d3f32239e4f731eca9df9155e2b297f008ab64"

union-find@^1.0.0:
  version "1.0.2"
  resolved "https://registry.yarnpkg.com/union-find/-/union-find-1.0.2.tgz#292bac415e6ad3a89535d237010db4a536284e58"

wgs84@0.0.0:
  version "0.0.0"
  resolved "https://registry.yarnpkg.com/wgs84/-/wgs84-0.0.0.tgz#34fdc555917b6e57cf2a282ed043710c049cdc76"

wrappy@1:
  version "1.0.2"
  resolved "https://registry.yarnpkg.com/wrappy/-/wrappy-1.0.2.tgz#b5243d8f3ec1aa35f1364605bc0d1036e30ab69f"

write-file-atomic@^2.0.0:
  version "2.3.0"
  resolved "https://registry.yarnpkg.com/write-file-atomic/-/write-file-atomic-2.3.0.tgz#1ff61575c2e2a4e8e510d6fa4e243cce183999ab"
  dependencies:
    graceful-fs "^4.1.11"
    imurmurhash "^0.1.4"
    signal-exit "^3.0.2"

write-json-file@^2.2.0:
  version "2.2.0"
  resolved "https://registry.yarnpkg.com/write-json-file/-/write-json-file-2.2.0.tgz#51862506bbb3b619eefab7859f1fd6c6d0530876"
  dependencies:
    detect-indent "^5.0.0"
    graceful-fs "^4.1.2"
    make-dir "^1.0.0"
    pify "^2.0.0"
    sort-keys "^1.1.1"
    write-file-atomic "^2.0.0"
